
Microsoft Visual Studio Solution File, Format Version 12.00
# Visual Studio Version 16
VisualStudioVersion = 16.0.30611.23
MinimumVisualStudioVersion = 10.0.40219.1
Project("{FAE04EC0-301F-11D3-BF4B-00C04F79EFBC}") = "XUnitTestProjectwi19b107", "XUnitTestProjectwi19b107\XUnitTestProjectwi19b107.csproj", "{834133A4-FA67-48B7-8EB2-BBC1029BF6C3}"
EndProject
Global
	GlobalSection(SolutionConfigurationPlatforms) = preSolution
		Debug|Any CPU = Debug|Any CPU
		Release|Any CPU = Release|Any CPU
	EndGlobalSection
	GlobalSection(ProjectConfigurationPlatforms) = postSolution
		{834133A4-FA67-48B7-8EB2-BBC1029BF6C3}.Debug|Any CPU.ActiveCfg = Debug|Any CPU
		{834133A4-FA67-48B7-8EB2-BBC1029BF6C3}.Debug|Any CPU.Build.0 = Debug|Any CPU
		{834133A4-FA67-48B7-8EB2-BBC1029BF6C3}.Release|Any CPU.ActiveCfg = Release|Any CPU
		{834133A4-FA67-48B7-8EB2-BBC1029BF6C3}.Release|Any CPU.Build.0 = Release|Any CPU
	EndGlobalSection
	GlobalSection(SolutionProperties) = preSolution
		HideSolutionNode = FALSE
	EndGlobalSection
	GlobalSection(ExtensibilityGlobals) = postSolution
		SolutionGuid = {E90F6EF8-CEFE-47E5-8E09-0F1D301D0F9A}
	EndGlobalSection
EndGlobal
